
Microsoft Visual Studio Solution File, Format Version 12.00
# Visual Studio Version 16
VisualStudioVersion = 16.0.30225.117
MinimumVisualStudioVersion = 10.0.40219.1
Project("{888888A0-9F3D-457C-B088-3A5042F75D52}") = "알고리즘정리", "알고리즘정리\알고리즘정리.pyproj", "{1661F561-2094-49D6-9838-A1D852B6110A}"
EndProject
Global
	GlobalSection(SolutionConfigurationPlatforms) = preSolution
		Debug|Any CPU = Debug|Any CPU
		Release|Any CPU = Release|Any CPU
	EndGlobalSection
	GlobalSection(ProjectConfigurationPlatforms) = postSolution
		{1661F561-2094-49D6-9838-A1D852B6110A}.Debug|Any CPU.ActiveCfg = Debug|Any CPU
		{1661F561-2094-49D6-9838-A1D852B6110A}.Release|Any CPU.ActiveCfg = Release|Any CPU
	EndGlobalSection
	GlobalSection(SolutionProperties) = preSolution
		HideSolutionNode = FALSE
	EndGlobalSection
	GlobalSection(ExtensibilityGlobals) = postSolution
		SolutionGuid = {6AFCB280-F805-4514-A010-6224EB9A5632}
	EndGlobalSection
EndGlobal
